PODS:
  - Route (0.1.0)
  - TableAdapter (1.1.0)

DEPENDENCIES:
  - Route (from `../`)
  - TableAdapter (~> 1.1.0)

SPEC REPOS:
  trunk:
    - TableAdapter

EXTERNAL SOURCES:
  Route:
    :path: "../"

SPEC CHECKSUMS:
  Route: 217cfbf326fa6d9a6fb7a64f2dcac6ad41e2e7a6
  TableAdapter: 22a225eaa499434b61c4a031ca6aa26ba6ff114e

PODFILE CHECKSUM: 40ef6ca523597de1d475ac89bc6d83c3920928cd

COCOAPODS: 1.8.4
